
Microsoft Visual Studio Solution File, Format Version 12.00
# Visual Studio Version 17
VisualStudioVersion = 17.8.34408.163
MinimumVisualStudioVersion = 10.0.40219.1
Project("{FAE04EC0-301F-11D3-BF4B-00C04F79EFBC}") = "PrimeiroProjeto", "PrimeiroProjeto\PrimeiroProjeto.csproj", "{C6AE496F-3A50-48B2-B4EC-2EFA2F80726F}"
EndProject
Global
	GlobalSection(SolutionConfigurationPlatforms) = preSolution
		Debug|Any CPU = Debug|Any CPU
		Release|Any CPU = Release|Any CPU
	EndGlobalSection
	GlobalSection(ProjectConfigurationPlatforms) = postSolution
		{C6AE496F-3A50-48B2-B4EC-2EFA2F80726F}.Debug|Any CPU.ActiveCfg = Debug|Any CPU
		{C6AE496F-3A50-48B2-B4EC-2EFA2F80726F}.Debug|Any CPU.Build.0 = Debug|Any CPU
		{C6AE496F-3A50-48B2-B4EC-2EFA2F80726F}.Release|Any CPU.ActiveCfg = Release|Any CPU
		{C6AE496F-3A50-48B2-B4EC-2EFA2F80726F}.Release|Any CPU.Build.0 = Release|Any CPU
	EndGlobalSection
	GlobalSection(SolutionProperties) = preSolution
		HideSolutionNode = FALSE
	EndGlobalSection
	GlobalSection(ExtensibilityGlobals) = postSolution
		SolutionGuid = {C5C74B97-E0D7-439C-886A-9DE6BD9DE7C9}
	EndGlobalSection
EndGlobal
